// !$*UTF8*$!
{
	archiveVersion = 1;
	classes = {
	};
	objectVersion = 50;
	objects = {

/* Begin PBXBuildFile section */
		234965E725360C60008A7D59 /* AppDelegate.swift in Sources */ = {isa = PBXBuildFile; fileRef = 234965E625360C5F008A7D59 /* AppDelegate.swift */; };
		234965E925360C60008A7D59 /* SceneDelegate.swift in Sources */ = {isa = PBXBuildFile; fileRef = 234965E825360C60008A7D59 /* SceneDelegate.swift */; };
		234965EB25360C60008A7D59 /* ViewController.swift in Sources */ = {isa = PBXBuildFile; fileRef = 234965EA25360C60008A7D59 /* ViewController.swift */; };
		234965EE25360C60008A7D59 /* Main.storyboard in Resources */ = {isa = PBXBuildFile; fileRef = 234965EC25360C60008A7D59 /* Main.storyboard */; };
		234965F025360C64008A7D59 /* Assets.xcassets in Resources */ = {isa = PBXBuildFile; fileRef = 234965EF25360C64008A7D59 /* Assets.xcassets */; };
		234965F325360C64008A7D59 /* LaunchScreen.storyboard in Resources */ = {isa = PBXBuildFile; fileRef = 234965F125360C64008A7D59 /* LaunchScreen.storyboard */; };
		234965FC25360D3A008A7D59 /* TableViewCell.swift in Sources */ = {isa = PBXBuildFile; fileRef = 234965FB25360D3A008A7D59 /* TableViewCell.swift */; };
		2381F1402539C73D00E0B8EA /* Networking.swift in Sources */ = {isa = PBXBuildFile; fileRef = 2381F13F2539C73D00E0B8EA /* Networking.swift */; };
		238AB5942537247300793DC3 /* Model.swift in Sources */ = {isa = PBXBuildFile; fileRef = 238AB5932537247300793DC3 /* Model.swift */; };
/* End PBXBuildFile section */

/* Begin PBXFileReference section */
		234965E325360C5F008A7D59 /* TestGenesis.app */ = {isa = PBXFileReference; explicitFileType = wrapper.application; includeInIndex = 0; path = TestGenesis.app; sourceTree = BUILT_PRODUCTS_DIR; };
		234965E625360C5F008A7D59 /* AppDelegate.swift */ = {isa = PBXFileReference; lastKnownFileType = sourcecode.swift; path = AppDelegate.swift; sourceTree = "<group>"; };
		234965E825360C60008A7D59 /* SceneDelegate.swift */ = {isa = PBXFileReference; lastKnownFileType = sourcecode.swift; path = SceneDelegate.swift; sourceTree = "<group>"; };
		234965EA25360C60008A7D59 /* ViewController.swift */ = {isa = PBXFileReference; lastKnownFileType = sourcecode.swift; path = ViewController.swift; sourceTree = "<group>"; };
		234965ED25360C60008A7D59 /* Base */ = {isa = PBXFileReference; lastKnownFileType = file.storyboard; name = Base; path = Base.lproj/Main.storyboard; sourceTree = "<group>"; };
		234965EF25360C64008A7D59 /* Assets.xcassets */ = {isa = PBXFileReference; lastKnownFileType = folder.assetcatalog; path = Assets.xcassets; sourceTree = "<group>"; };
		234965F225360C64008A7D59 /* Base */ = {isa = PBXFileReference; lastKnownFileType = file.storyboard; name = Base; path = Base.lproj/LaunchScreen.storyboard; sourceTree = "<group>"; };
		234965F425360C64008A7D59 /* Info.plist */ = {isa = PBXFileReference; lastKnownFileType = text.plist.xml; path = Info.plist; sourceTree = "<group>"; };
		234965FB25360D3A008A7D59 /* TableViewCell.swift */ = {isa = PBXFileReference; lastKnownFileType = sourcecode.swift; path = TableViewCell.swift; sourceTree = "<group>"; };
		2381F13F2539C73D00E0B8EA /* Networking.swift */ = {isa = PBXFileReference; lastKnownFileType = sourcecode.swift; path = Networking.swift; sourceTree = "<group>"; };
		238AB5932537247300793DC3 /* Model.swift */ = {isa = PBXFileReference; lastKnownFileType = sourcecode.swift; path = Model.swift; sourceTree = "<group>"; };
/* End PBXFileReference section */

/* Begin PBXFrameworksBuildPhase section */
		234965E025360C5F008A7D59 /* Frameworks */ = {
			isa = PBXFrameworksBuildPhase;
			buildActionMask = 2147483647;
			files = (
			);
			runOnlyForDeploymentPostprocessing = 0;
		};
/* End PBXFrameworksBuildPhase section */

/* Begin PBXGroup section */
		234965DA25360C5F008A7D59 = {
			isa = PBXGroup;
			children = (
				234965E525360C5F008A7D59 /* TestGenesis */,
				234965E425360C5F008A7D59 /* Products */,
			);
			sourceTree = "<group>";
		};
		234965E425360C5F008A7D59 /* Products */ = {
			isa = PBXGroup;
			children = (
				234965E325360C5F008A7D59 /* TestGenesis.app */,
			);
			name = Products;
			sourceTree = "<group>";
		};
		234965E525360C5F008A7D59 /* TestGenesis */ = {
			isa = PBXGroup;
			children = (
				234965E625360C5F008A7D59 /* AppDelegate.swift */,
				234965E825360C60008A7D59 /* SceneDelegate.swift */,
				234965EA25360C60008A7D59 /* ViewController.swift */,
				234965FB25360D3A008A7D59 /* TableViewCell.swift */,
				234965EC25360C60008A7D59 /* Main.storyboard */,
				2381F13F2539C73D00E0B8EA /* Networking.swift */,
				238AB5932537247300793DC3 /* Model.swift */,
				234965EF25360C64008A7D59 /* Assets.xcassets */,
				234965F125360C64008A7D59 /* LaunchScreen.storyboard */,
				234965F425360C64008A7D59 /* Info.plist */,
			);
			path = TestGenesis;
			sourceTree = "<group>";
		};
/* End PBXGroup section */

/* Begin PBXNativeTarget section */
		234965E225360C5F008A7D59 /* TestGenesis */ = {
			isa = PBXNativeTarget;
			buildConfigurationList = 234965F725360C64008A7D59 /* Build configuration list for PBXNativeTarget "TestGenesis" */;
			buildPhases = (
				234965DF25360C5F008A7D59 /* Sources */,
				234965E025360C5F008A7D59 /* Frameworks */,
				234965E125360C5F008A7D59 /* Resources */,
			);
			buildRules = (
			);
			dependencies = (
			);
			name = TestGenesis;
			productName = TestGenesis;
			productReference = 234965E325360C5F008A7D59 /* TestGenesis.app */;
			productType = "com.apple.product-type.application";
		};
/* End PBXNativeTarget section */

/* Begin PBXProject section */
		234965DB25360C5F008A7D59 /* Project object */ = {
			isa = PBXProject;
			attributes = {
				LastSwiftUpdateCheck = 1200;
				LastUpgradeCheck = 1200;
				TargetAttributes = {
					234965E225360C5F008A7D59 = {
						CreatedOnToolsVersion = 12.0.1;
					};
				};
			};
			buildConfigurationList = 234965DE25360C5F008A7D59 /* Build configuration list for PBXProject "TestGenesis" */;
			compatibilityVersion = "Xcode 9.3";
			developmentRegion = en;
			hasScannedForEncodings = 0;
			knownRegions = (
				en,
				Base,
			);
			mainGroup = 234965DA25360C5F008A7D59;
			productRefGroup = 234965E425360C5F008A7D59 /* Products */;
			projectDirPath = "";
			projectRoot = "";
			targets = (
				234965E225360C5F008A7D59 /* TestGenesis */,
			);
		};
/* End PBXProject section */

/* Begin PBXResourcesBuildPhase section */
		234965E125360C5F008A7D59 /* Resources */ = {
			isa = PBXResourcesBuildPhase;
			buildActionMask = 2147483647;
			files = (
				234965F325360C64008A7D59 /* LaunchScreen.storyboard in Resources */,
				234965F025360C64008A7D59 /* Assets.xcassets in Resources */,
				234965EE25360C60008A7D59 /* Main.storyboard in Resources */,
			);
			runOnlyForDeploymentPostprocessing = 0;
		};
/* End PBXResourcesBuildPhase section */

/* Begin PBXSourcesBuildPhase section */
		234965DF25360C5F008A7D59 /* Sources */ = {
			isa = PBXSourcesBuildPhase;
			buildActionMask = 2147483647;
			files = (
				234965EB25360C60008A7D59 /* ViewController.swift in Sources */,
				234965FC25360D3A008A7D59 /* TableViewCell.swift in Sources */,
				234965E725360C60008A7D59 /* AppDelegate.swift in Sources */,
				2381F1402539C73D00E0B8EA /* Networking.swift in Sources */,
				238AB5942537247300793DC3 /* Model.swift in Sources */,
				234965E925360C60008A7D59 /* SceneDelegate.swift in Sources */,
			);
			runOnlyForDeploymentPostprocessing = 0;
		};
/* End PBXSourcesBuildPhase section */

/* Begin PBXVariantGroup section */
		234965EC25360C60008A7D59 /* Main.storyboard */ = {
			isa = PBXVariantGroup;
			children = (
				234965ED25360C60008A7D59 /* Base */,
			);
			name = Main.storyboard;
			sourceTree = "<group>";
		};
		234965F125360C64008A7D59 /* LaunchScreen.storyboard */ = {
			isa = PBXVariantGroup;
			children = (
				234965F225360C64008A7D59 /* Base */,
			);
			name = LaunchScreen.storyboard;
			sourceTree = "<group>";
		};
/* End PBXVariantGroup section */

/* Begin XCBuildConfiguration section */
		234965F525360C64008A7D59 /* Debug */ = {
			isa = XCBuildConfiguration;
			buildSettings = {
				ALWAYS_SEARCH_USER_PATHS = NO;
				CLANG_ANALYZER_NONNULL = YES;
				CLANG_ANALYZER_NUMBER_OBJECT_CONVERSION = YES_AGGRESSIVE;
				CLANG_CXX_LANGUAGE_STANDARD = "gnu++14";
				CLANG_CXX_LIBRARY = "libc++";
				CLANG_ENABLE_MODULES = YES;
				CLANG_ENABLE_OBJC_ARC = YES;
				CLANG_ENABLE_OBJC_WEAK = YES;
				CLANG_WARN_BLOCK_CAPTURE_AUTORELEASING = YES;
				CLANG_WARN_BOOL_CONVERSION = YES;
				CLANG_WARN_COMMA = YES;
				CLANG_WARN_CONSTANT_CONVERSION = YES;
				CLANG_WARN_DEPRECATED_OBJC_IMPLEMENTATIONS = YES;
				CLANG_WARN_DIRECT_OBJC_ISA_USAGE = YES_ERROR;
				CLANG_WARN_DOCUMENTATION_COMMENTS = YES;
				CLANG_WARN_EMPTY_BODY = YES;
				CLANG_WARN_ENUM_CONVERSION = YES;
				CLANG_WARN_INFINITE_RECURSION = YES;
				CLANG_WARN_INT_CONVERSION = YES;
				CLANG_WARN_NON_LITERAL_NULL_CONVERSION = YES;
				CLANG_WARN_OBJC_IMPLICIT_RETAIN_SELF = YES;
				CLANG_WARN_OBJC_LITERAL_CONVERSION = YES;
				CLANG_WARN_OBJC_ROOT_CLASS = YES_ERROR;
				CLANG_WARN_QUOTED_INCLUDE_IN_FRAMEWORK_HEADER = YES;
				CLANG_WARN_RANGE_LOOP_ANALYSIS = YES;
				CLANG_WARN_STRICT_PROTOTYPES = YES;
				CLANG_WARN_SUSPICIOUS_MOVE = YES;
				CLANG_WARN_UNGUARDED_AVAILABILITY = YES_AGGRESSIVE;
				CLANG_WARN_UNREACHABLE_CODE = YES;
				CLANG_WARN__DUPLICATE_METHOD_MATCH = YES;
				COPY_PHASE_STRIP = NO;
				DEBUG_INFORMATION_FORMAT = dwarf;
				ENABLE_STRICT_OBJC_MSGSEND = YES;
				ENABLE_TESTABILITY = YES;
				GCC_C_LANGUAGE_STANDARD = gnu11;
				GCC_DYNAMIC_NO_PIC = NO;
				GCC_NO_COMMON_BLOCKS = YES;
				GCC_OPTIMIZATION_LEVEL = 0;
				GCC_PREPROCESSOR_DEFINITIONS = (
					"DEBUG=1",
					"$(inherited)",
				);
				GCC_WARN_64_TO_32_BIT_CONVERSION = YES;
				GCC_WARN_ABOUT_RETURN_TYPE = YES_ERROR;
				GCC_WARN_UNDECLARED_SELECTOR = YES;
				GCC_WARN_UNINITIALIZED_AUTOS = YES_AGGRESSIVE;
				GCC_WARN_UNUSED_FUNCTION = YES;
				GCC_WARN_UNUSED_VARIABLE = YES;
				IPHONEOS_DEPLOYMENT_TARGET = 14.0;
				MTL_ENABLE_DEBUG_INFO = INCLUDE_SOURCE;
				MTL_FAST_MATH = YES;
				ONLY_ACTIVE_ARCH = YES;
				SDKROOT = iphoneos;
				SWIFT_ACTIVE_COMPILATION_CONDITIONS = DEBUG;
				SWIFT_OPTIMIZATION_LEVEL = "-Onone";
			};
			name = Debug;
		};
		234965F625360C64008A7D59 /* Release */ = {
			isa = XCBuildConfiguration;
			buildSettings = {
				ALWAYS_SEARCH_USER_PATHS = NO;
				CLANG_ANALYZER_NONNULL = YES;
				CLANG_ANALYZER_NUMBER_OBJECT_CONVERSION = YES_AGGRESSIVE;
				CLANG_CXX_LANGUAGE_STANDARD = "gnu++14";
				CLANG_CXX_LIBRARY = "libc++";
				CLANG_ENABLE_MODULES = YES;
				CLANG_ENABLE_OBJC_ARC = YES;
				CLANG_ENABLE_OBJC_WEAK = YES;
				CLANG_WARN_BLOCK_CAPTURE_AUTORELEASING = YES;
				CLANG_WARN_BOOL_CONVERSION = YES;
				CLANG_WARN_COMMA = YES;
				CLANG_WARN_CONSTANT_CONVERSION = YES;
				CLANG_WARN_DEPRECATED_OBJC_IMPLEMENTATIONS = YES;
				CLANG_WARN_DIRECT_OBJC_ISA_USAGE = YES_ERROR;
				CLANG_WARN_DOCUMENTATION_COMMENTS = YES;
				CLANG_WARN_EMPTY_BODY = YES;
				CLANG_WARN_ENUM_CONVERSION = YES;
				CLANG_WARN_INFINITE_RECURSION = YES;
				CLANG_WARN_INT_CONVERSION = YES;
				CLANG_WARN_NON_LITERAL_NULL_CONVERSION = YES;
				CLANG_WARN_OBJC_IMPLICIT_RETAIN_SELF = YES;
				CLANG_WARN_OBJC_LITERAL_CONVERSION = YES;
				CLANG_WARN_OBJC_ROOT_CLASS = YES_ERROR;
				CLANG_WARN_QUOTED_INCLUDE_IN_FRAMEWORK_HEADER = YES;
				CLANG_WARN_RANGE_LOOP_ANALYSIS = YES;
				CLANG_WARN_STRICT_PROTOTYPES = YES;
				CLANG_WARN_SUSPICIOUS_MOVE = YES;
				CLANG_WARN_UNGUARDED_AVAILABILITY = YES_AGGRESSIVE;
				CLANG_WARN_UNREACHABLE_CODE = YES;
				CLANG_WARN__DUPLICATE_METHOD_MATCH = YES;
				COPY_PHASE_STRIP = NO;
				DEBUG_INFORMATION_FORMAT = "dwarf-with-dsym";
				ENABLE_NS_ASSERTIONS = NO;
				ENABLE_STRICT_OBJC_MSGSEND = YES;
				GCC_C_LANGUAGE_STANDARD = gnu11;
				GCC_NO_COMMON_BLOCKS = YES;
				GCC_WARN_64_TO_32_BIT_CONVERSION = YES;
				GCC_WARN_ABOUT_RETURN_TYPE = YES_ERROR;
				GCC_WARN_UNDECLARED_SELECTOR = YES;
				GCC_WARN_UNINITIALIZED_AUTOS = YES_AGGRESSIVE;
				GCC_WARN_UNUSED_FUNCTION = YES;
				GCC_WARN_UNUSED_VARIABLE = YES;
				IPHONEOS_DEPLOYMENT_TARGET = 14.0;
				MTL_ENABLE_DEBUG_INFO = NO;
				MTL_FAST_MATH = YES;
				SDKROOT = iphoneos;
				SWIFT_COMPILATION_MODE = wholemodule;
				SWIFT_OPTIMIZATION_LEVEL = "-O";
				VALIDATE_PRODUCT = YES;
			};
			name = Release;
		};
		234965F825360C64008A7D59 /* Debug */ = {
			isa = XCBuildConfiguration;
			buildSettings = {
				ASSETCATALOG_COMPILER_APPICON_NAME = AppIcon;
				ASSETCATALOG_COMPILER_GLOBAL_ACCENT_COLOR_NAME = AccentColor;
				CODE_SIGN_STYLE = Automatic;
				INFOPLIST_FILE = TestGenesis/Info.plist;
				LD_RUNPATH_SEARCH_PATHS = (
					"$(inherited)",
					"@executable_path/Frameworks",
				);
				PRODUCT_BUNDLE_IDENTIFIER = my.TestGenesis;
				PRODUCT_NAME = "$(TARGET_NAME)";
				SWIFT_VERSION = 5.0;
				TARGETED_DEVICE_FAMILY = "1,2";
			};
			name = Debug;
		};
		234965F925360C64008A7D59 /* Release */ = {
			isa = XCBuildConfiguration;
			buildSettings = {
				ASSETCATALOG_COMPILER_APPICON_NAME = AppIcon;
				ASSETCATALOG_COMPILER_GLOBAL_ACCENT_COLOR_NAME = AccentColor;
				CODE_SIGN_STYLE = Automatic;
				INFOPLIST_FILE = TestGenesis/Info.plist;
				LD_RUNPATH_SEARCH_PATHS = (
					"$(inherited)",
					"@executable_path/Frameworks",
				);
				PRODUCT_BUNDLE_IDENTIFIER = my.TestGenesis;
				PRODUCT_NAME = "$(TARGET_NAME)";
				SWIFT_VERSION = 5.0;
				TARGETED_DEVICE_FAMILY = "1,2";
			};
			name = Release;
		};
/* End XCBuildConfiguration section */

/* Begin XCConfigurationList section */
		234965DE25360C5F008A7D59 /* Build configuration list for PBXProject "TestGenesis" */ = {
			isa = XCConfigurationList;
			buildConfigurations = (
				234965F525360C64008A7D59 /* Debug */,
				234965F625360C64008A7D59 /* Release */,
			);
			defaultConfigurationIsVisible = 0;
			defaultConfigurationName = Release;
		};
		234965F725360C64008A7D59 /* Build configuration list for PBXNativeTarget "TestGenesis" */ = {
			isa = XCConfigurationList;
			buildConfigurations = (
				234965F825360C64008A7D59 /* Debug */,
				234965F925360C64008A7D59 /* Release */,
			);
			defaultConfigurationIsVisible = 0;
			defaultConfigurationName = Release;
		};
/* End XCConfigurationList section */
	};
	rootObject = 234965DB25360C5F008A7D59 /* Project object */;
}
